<?xml version="1.0" encoding="UTF-8" standalone="yes" ?>
<CodeBlocks_project_file>
	<FileVersion major="1" minor="6" />
	<Project>
		<Option title="gro" />
		<Option pch_mode="2" />
		<Option compiler="gcc" />
		<Build>
			<Target title="Debug">
				<Option output="bin/Debug/gro" prefix_auto="1" extension_auto="1" />
				<Option object_output="obj/Debug/" />
				<Option type="1" />
				<Option compiler="gcc" />
				<Compiler>
					<Add option="-g" />
					<Add directory="include" />
				</Compiler>
			</Target>
			<Target title="Release">
				<Option output="bin/Release/gro" prefix_auto="1" extension_auto="1" />
				<Option object_output="obj/Release/" />
				<Option type="1" />
				<Option compiler="gcc" />
				<Compiler>
					<Add option="-O2" />
					<Add directory="include" />
				</Compiler>
				<Linker>
					<Add option="-s" />
				</Linker>
			</Target>
		</Build>
		<Compiler>
			<Add option="-Wall" />
		</Compiler>
		<Unit filename="CMakeLists.txt" />
		<Unit filename="build/CMakeFiles/2.8.12.2/CompilerIdC/CMakeCCompilerId.c">
			<Option compilerVar="CC" />
		</Unit>
		<Unit filename="build/CMakeFiles/2.8.12.2/CompilerIdCXX/CMakeCXXCompilerId.cpp" />
		<Unit filename="include/Clock.h" />
		<Unit filename="include/Command.h" />
		<Unit filename="include/DataTabular.h" />
		<Unit filename="include/DataTextual.h" />
		<Unit filename="include/GraphicObserver.h" />
		<Unit filename="include/ScreenModule.h" />
		<Unit filename="include/ScreenModuleHandler.h" />
		<Unit filename="src/Clock.cpp" />
		<Unit filename="src/DataTabular.cpp" />
		<Unit filename="src/DataTextual.cpp" />
		<Unit filename="src/GraphicObserver.cpp" />
		<Unit filename="src/ScreenModule.cpp" />
		<Unit filename="src/ScreenModuleHandler.cpp" />
		<Unit filename="src/main.cpp" />
		<Extensions>
			<code_completion />
			<debugger />
		</Extensions>
	</Project>
</CodeBlocks_project_file>
